// !$*UTF8*$!
{
	archiveVersion = 1;
	classes = {
	};
	objectVersion = 51;
	objects = {

/* Begin PBXBuildFile section */
		63104A78242FCA7700E61A2A /* CartViewController.swift in Sources */ = {isa = PBXBuildFile; fileRef = 63104A77242FCA7700E61A2A /* CartViewController.swift */; };
		6371DAC6242F603600145DAB /* Book.swift in Sources */ = {isa = PBXBuildFile; fileRef = 6371DAC5242F603600145DAB /* Book.swift */; };
		6371DAC8242F633000145DAB /* Cart.swift in Sources */ = {isa = PBXBuildFile; fileRef = 6371DAC7242F633000145DAB /* Cart.swift */; };
		6371DACA242F677E00145DAB /* CartService.swift in Sources */ = {isa = PBXBuildFile; fileRef = 6371DAC9242F677D00145DAB /* CartService.swift */; };
		6371DACC242F6BC400145DAB /* BooksService.swift in Sources */ = {isa = PBXBuildFile; fileRef = 6371DACB242F6BC400145DAB /* BooksService.swift */; };
		63948C55242FAE3800164C86 /* AppServices.swift in Sources */ = {isa = PBXBuildFile; fileRef = 63948C54242FAE3800164C86 /* AppServices.swift */; };
		63CB4A1B242F5A40007015E0 /* AppDelegate.swift in Sources */ = {isa = PBXBuildFile; fileRef = 63CB4A1A242F5A40007015E0 /* AppDelegate.swift */; };
		63CB4A1D242F5A40007015E0 /* SceneDelegate.swift in Sources */ = {isa = PBXBuildFile; fileRef = 63CB4A1C242F5A40007015E0 /* SceneDelegate.swift */; };
		63CB4A1F242F5A40007015E0 /* MainViewController.swift in Sources */ = {isa = PBXBuildFile; fileRef = 63CB4A1E242F5A40007015E0 /* MainViewController.swift */; };
		63CB4A22242F5A40007015E0 /* Main.storyboard in Resources */ = {isa = PBXBuildFile; fileRef = 63CB4A20242F5A40007015E0 /* Main.storyboard */; };
		63CB4A24242F5A42007015E0 /* Assets.xcassets in Resources */ = {isa = PBXBuildFile; fileRef = 63CB4A23242F5A42007015E0 /* Assets.xcassets */; };
		63CB4A27242F5A42007015E0 /* LaunchScreen.storyboard in Resources */ = {isa = PBXBuildFile; fileRef = 63CB4A25242F5A42007015E0 /* LaunchScreen.storyboard */; };
		63F62835242F773C00270C7B /* MainViewController+UITableView.swift in Sources */ = {isa = PBXBuildFile; fileRef = 63F62834242F773C00270C7B /* MainViewController+UITableView.swift */; };
		63F6283A242F7A4C00270C7B /* BookTableViewCell.swift in Sources */ = {isa = PBXBuildFile; fileRef = 63F62838242F7A4C00270C7B /* BookTableViewCell.swift */; };
		63F6283B242F7A4C00270C7B /* BookTableViewCell.xib in Resources */ = {isa = PBXBuildFile; fileRef = 63F62839242F7A4C00270C7B /* BookTableViewCell.xib */; };
		CC57A6B8D4A2047ACE749660 /* Pods_Hawry_Powter_Library.framework in Frameworks */ = {isa = PBXBuildFile; fileRef = 2EA7F5D2A55B5D1BCB42FE98 /* Pods_Hawry_Powter_Library.framework */; };
/* End PBXBuildFile section */

/* Begin PBXFileReference section */
		2EA7F5D2A55B5D1BCB42FE98 /* Pods_Hawry_Powter_Library.framework */ = {isa = PBXFileReference; explicitFileType = wrapper.framework; includeInIndex = 0; path = Pods_Hawry_Powter_Library.framework; sourceTree = BUILT_PRODUCTS_DIR; };
		63104A77242FCA7700E61A2A /* CartViewController.swift */ = {isa = PBXFileReference; lastKnownFileType = sourcecode.swift; path = CartViewController.swift; sourceTree = "<group>"; };
		6371DAC5242F603600145DAB /* Book.swift */ = {isa = PBXFileReference; lastKnownFileType = sourcecode.swift; path = Book.swift; sourceTree = "<group>"; };
		6371DAC7242F633000145DAB /* Cart.swift */ = {isa = PBXFileReference; lastKnownFileType = sourcecode.swift; path = Cart.swift; sourceTree = "<group>"; };
		6371DAC9242F677D00145DAB /* CartService.swift */ = {isa = PBXFileReference; lastKnownFileType = sourcecode.swift; path = CartService.swift; sourceTree = "<group>"; };
		6371DACB242F6BC400145DAB /* BooksService.swift */ = {isa = PBXFileReference; lastKnownFileType = sourcecode.swift; path = BooksService.swift; sourceTree = "<group>"; };
		63948C54242FAE3800164C86 /* AppServices.swift */ = {isa = PBXFileReference; lastKnownFileType = sourcecode.swift; path = AppServices.swift; sourceTree = "<group>"; };
		63CB4A17242F5A40007015E0 /* Hawry Powter Library.app */ = {isa = PBXFileReference; explicitFileType = wrapper.application; includeInIndex = 0; path = "Hawry Powter Library.app"; sourceTree = BUILT_PRODUCTS_DIR; };
		63CB4A1A242F5A40007015E0 /* AppDelegate.swift */ = {isa = PBXFileReference; lastKnownFileType = sourcecode.swift; path = AppDelegate.swift; sourceTree = "<group>"; };
		63CB4A1C242F5A40007015E0 /* SceneDelegate.swift */ = {isa = PBXFileReference; lastKnownFileType = sourcecode.swift; path = SceneDelegate.swift; sourceTree = "<group>"; };
		63CB4A1E242F5A40007015E0 /* MainViewController.swift */ = {isa = PBXFileReference; lastKnownFileType = sourcecode.swift; path = MainViewController.swift; sourceTree = "<group>"; };
		63CB4A21242F5A40007015E0 /* Base */ = {isa = PBXFileReference; lastKnownFileType = file.storyboard; name = Base; path = Base.lproj/Main.storyboard; sourceTree = "<group>"; };
		63CB4A23242F5A42007015E0 /* Assets.xcassets */ = {isa = PBXFileReference; lastKnownFileType = folder.assetcatalog; path = Assets.xcassets; sourceTree = "<group>"; };
		63CB4A26242F5A42007015E0 /* Base */ = {isa = PBXFileReference; lastKnownFileType = file.storyboard; name = Base; path = Base.lproj/LaunchScreen.storyboard; sourceTree = "<group>"; };
		63CB4A28242F5A42007015E0 /* Info.plist */ = {isa = PBXFileReference; lastKnownFileType = text.plist.xml; path = Info.plist; sourceTree = "<group>"; };
		63F62834242F773C00270C7B /* MainViewController+UITableView.swift */ = {isa = PBXFileReference; lastKnownFileType = sourcecode.swift; path = "MainViewController+UITableView.swift"; sourceTree = "<group>"; };
		63F62838242F7A4C00270C7B /* BookTableViewCell.swift */ = {isa = PBXFileReference; lastKnownFileType = sourcecode.swift; path = BookTableViewCell.swift; sourceTree = "<group>"; };
		63F62839242F7A4C00270C7B /* BookTableViewCell.xib */ = {isa = PBXFileReference; lastKnownFileType = file.xib; path = BookTableViewCell.xib; sourceTree = "<group>"; };
		64F24649A01C1551D638B939 /* Pods-Hawry Powter Library.release.xcconfig */ = {isa = PBXFileReference; includeInIndex = 1; lastKnownFileType = text.xcconfig; name = "Pods-Hawry Powter Library.release.xcconfig"; path = "Target Support Files/Pods-Hawry Powter Library/Pods-Hawry Powter Library.release.xcconfig"; sourceTree = "<group>"; };
		9E7712ABB38EC1D7BB257AF3 /* Pods-Hawry Powter Library.debug.xcconfig */ = {isa = PBXFileReference; includeInIndex = 1; lastKnownFileType = text.xcconfig; name = "Pods-Hawry Powter Library.debug.xcconfig"; path = "Target Support Files/Pods-Hawry Powter Library/Pods-Hawry Powter Library.debug.xcconfig"; sourceTree = "<group>"; };
/* End PBXFileReference section */

/* Begin PBXFrameworksBuildPhase section */
		63CB4A14242F5A40007015E0 /* Frameworks */ = {
			isa = PBXFrameworksBuildPhase;
			buildActionMask = 2147483647;
			files = (
				CC57A6B8D4A2047ACE749660 /* Pods_Hawry_Powter_Library.framework in Frameworks */,
			);
			runOnlyForDeploymentPostprocessing = 0;
		};
/* End PBXFrameworksBuildPhase section */

/* Begin PBXGroup section */
		63104A75242FCA3D00E61A2A /* Main */ = {
			isa = PBXGroup;
			children = (
				63CB4A1E242F5A40007015E0 /* MainViewController.swift */,
				63F62834242F773C00270C7B /* MainViewController+UITableView.swift */,
			);
			path = Main;
			sourceTree = "<group>";
		};
		63104A76242FCA4B00E61A2A /* Cart */ = {
			isa = PBXGroup;
			children = (
				63104A77242FCA7700E61A2A /* CartViewController.swift */,
			);
			path = Cart;
			sourceTree = "<group>";
		};
		6371DAC2242F5F7700145DAB /* Models */ = {
			isa = PBXGroup;
			children = (
				6371DAC5242F603600145DAB /* Book.swift */,
				6371DAC7242F633000145DAB /* Cart.swift */,
			);
			path = Models;
			sourceTree = "<group>";
		};
		6371DAC3242F5F8500145DAB /* Services */ = {
			isa = PBXGroup;
			children = (
				6371DAC9242F677D00145DAB /* CartService.swift */,
				6371DACB242F6BC400145DAB /* BooksService.swift */,
				63948C54242FAE3800164C86 /* AppServices.swift */,
			);
			path = Services;
			sourceTree = "<group>";
		};
		6371DAC4242F5FAB00145DAB /* Screens */ = {
			isa = PBXGroup;
			children = (
				63104A76242FCA4B00E61A2A /* Cart */,
				63104A75242FCA3D00E61A2A /* Main */,
			);
			path = Screens;
			sourceTree = "<group>";
		};
		63CB4A0E242F5A40007015E0 = {
			isa = PBXGroup;
			children = (
				63CB4A19242F5A40007015E0 /* Hawry Powter Library */,
				63CB4A18242F5A40007015E0 /* Products */,
				BA1EDE3F89692A9309B81DBE /* Pods */,
				DDE2887176AA0DEA60EF9751 /* Frameworks */,
			);
			sourceTree = "<group>";
		};
		63CB4A18242F5A40007015E0 /* Products */ = {
			isa = PBXGroup;
			children = (
				63CB4A17242F5A40007015E0 /* Hawry Powter Library.app */,
			);
			name = Products;
			sourceTree = "<group>";
		};
		63CB4A19242F5A40007015E0 /* Hawry Powter Library */ = {
			isa = PBXGroup;
			children = (
				63F62836242F779800270C7B /* Reusable Views */,
				6371DAC4242F5FAB00145DAB /* Screens */,
				6371DAC3242F5F8500145DAB /* Services */,
				6371DAC2242F5F7700145DAB /* Models */,
				63CB4A1A242F5A40007015E0 /* AppDelegate.swift */,
				63CB4A1C242F5A40007015E0 /* SceneDelegate.swift */,
				63CB4A20242F5A40007015E0 /* Main.storyboard */,
				63CB4A23242F5A42007015E0 /* Assets.xcassets */,
				63CB4A25242F5A42007015E0 /* LaunchScreen.storyboard */,
				63CB4A28242F5A42007015E0 /* Info.plist */,
			);
			path = "Hawry Powter Library";
			sourceTree = "<group>";
		};
		63F62836242F779800270C7B /* Reusable Views */ = {
			isa = PBXGroup;
			children = (
				63F62837242F77A600270C7B /* BookTableViewCell */,
			);
			path = "Reusable Views";
			sourceTree = "<group>";
		};
		63F62837242F77A600270C7B /* BookTableViewCell */ = {
			isa = PBXGroup;
			children = (
				63F62838242F7A4C00270C7B /* BookTableViewCell.swift */,
				63F62839242F7A4C00270C7B /* BookTableViewCell.xib */,
			);
			path = BookTableViewCell;
			sourceTree = "<group>";
		};
		BA1EDE3F89692A9309B81DBE /* Pods */ = {
			isa = PBXGroup;
			children = (
				9E7712ABB38EC1D7BB257AF3 /* Pods-Hawry Powter Library.debug.xcconfig */,
				64F24649A01C1551D638B939 /* Pods-Hawry Powter Library.release.xcconfig */,
			);
			path = Pods;
			sourceTree = "<group>";
		};
		DDE2887176AA0DEA60EF9751 /* Frameworks */ = {
			isa = PBXGroup;
			children = (
				2EA7F5D2A55B5D1BCB42FE98 /* Pods_Hawry_Powter_Library.framework */,
			);
			name = Frameworks;
			sourceTree = "<group>";
		};
/* End PBXGroup section */

/* Begin PBXNativeTarget section */
		63CB4A16242F5A40007015E0 /* Hawry Powter Library */ = {
			isa = PBXNativeTarget;
			buildConfigurationList = 63CB4A2B242F5A42007015E0 /* Build configuration list for PBXNativeTarget "Hawry Powter Library" */;
			buildPhases = (
				2EA8CE6289F72052F2FC55D6 /* [CP] Check Pods Manifest.lock */,
				63CB4A13242F5A40007015E0 /* Sources */,
				63CB4A14242F5A40007015E0 /* Frameworks */,
				63CB4A15242F5A40007015E0 /* Resources */,
				23C5FDDCB75CCE28E65C3D4F /* [CP] Embed Pods Frameworks */,
			);
			buildRules = (
			);
			dependencies = (
			);
			name = "Hawry Powter Library";
			productName = "Hawry Powter Library";
			productReference = 63CB4A17242F5A40007015E0 /* Hawry Powter Library.app */;
			productType = "com.apple.product-type.application";
		};
/* End PBXNativeTarget section */

/* Begin PBXProject section */
		63CB4A0F242F5A40007015E0 /* Project object */ = {
			isa = PBXProject;
			attributes = {
				LastSwiftUpdateCheck = 1140;
				LastUpgradeCheck = 1140;
				ORGANIZATIONNAME = "Mohamed Derkaoui";
				TargetAttributes = {
					63CB4A16242F5A40007015E0 = {
						CreatedOnToolsVersion = 11.4;
					};
				};
			};
			buildConfigurationList = 63CB4A12242F5A40007015E0 /* Build configuration list for PBXProject "Hawry Powter Library" */;
			compatibilityVersion = "Xcode 9.3";
			developmentRegion = en;
			hasScannedForEncodings = 0;
			knownRegions = (
				en,
				Base,
			);
			mainGroup = 63CB4A0E242F5A40007015E0;
			productRefGroup = 63CB4A18242F5A40007015E0 /* Products */;
			projectDirPath = "";
			projectRoot = "";
			targets = (
				63CB4A16242F5A40007015E0 /* Hawry Powter Library */,
			);
		};
/* End PBXProject section */

/* Begin PBXResourcesBuildPhase section */
		63CB4A15242F5A40007015E0 /* Resources */ = {
			isa = PBXResourcesBuildPhase;
			buildActionMask = 2147483647;
			files = (
				63F6283B242F7A4C00270C7B /* BookTableViewCell.xib in Resources */,
				63CB4A27242F5A42007015E0 /* LaunchScreen.storyboard in Resources */,
				63CB4A24242F5A42007015E0 /* Assets.xcassets in Resources */,
				63CB4A22242F5A40007015E0 /* Main.storyboard in Resources */,
			);
			runOnlyForDeploymentPostprocessing = 0;
		};
/* End PBXResourcesBuildPhase section */

/* Begin PBXShellScriptBuildPhase section */
		23C5FDDCB75CCE28E65C3D4F /* [CP] Embed Pods Frameworks */ = {
			isa = PBXShellScriptBuildPhase;
			buildActionMask = 2147483647;
			files = (
			);
			inputFileListPaths = (
				"${PODS_ROOT}/Target Support Files/Pods-Hawry Powter Library/Pods-Hawry Powter Library-frameworks-${CONFIGURATION}-input-files.xcfilelist",
			);
			name = "[CP] Embed Pods Frameworks";
			outputFileListPaths = (
				"${PODS_ROOT}/Target Support Files/Pods-Hawry Powter Library/Pods-Hawry Powter Library-frameworks-${CONFIGURATION}-output-files.xcfilelist",
			);
			runOnlyForDeploymentPostprocessing = 0;
			shellPath = /bin/sh;
			shellScript = "\"${PODS_ROOT}/Target Support Files/Pods-Hawry Powter Library/Pods-Hawry Powter Library-frameworks.sh\"\n";
			showEnvVarsInLog = 0;
		};
		2EA8CE6289F72052F2FC55D6 /* [CP] Check Pods Manifest.lock */ = {
			isa = PBXShellScriptBuildPhase;
			buildActionMask = 2147483647;
			files = (
			);
			inputFileListPaths = (
			);
			inputPaths = (
				"${PODS_PODFILE_DIR_PATH}/Podfile.lock",
				"${PODS_ROOT}/Manifest.lock",
			);
			name = "[CP] Check Pods Manifest.lock";
			outputFileListPaths = (
			);
			outputPaths = (
				"$(DERIVED_FILE_DIR)/Pods-Hawry Powter Library-checkManifestLockResult.txt",
			);
			runOnlyForDeploymentPostprocessing = 0;
			shellPath = /bin/sh;
			shellScript = "diff \"${PODS_PODFILE_DIR_PATH}/Podfile.lock\" \"${PODS_ROOT}/Manifest.lock\" > /dev/null\nif [ $? != 0 ] ; then\n    # print error to STDERR\n    echo \"error: The sandbox is not in sync with the Podfile.lock. Run 'pod install' or update your CocoaPods installation.\" >&2\n    exit 1\nfi\n# This output is used by Xcode 'outputs' to avoid re-running this script phase.\necho \"SUCCESS\" > \"${SCRIPT_OUTPUT_FILE_0}\"\n";
			showEnvVarsInLog = 0;
		};
/* End PBXShellScriptBuildPhase section */

/* Begin PBXSourcesBuildPhase section */
		63CB4A13242F5A40007015E0 /* Sources */ = {
			isa = PBXSourcesBuildPhase;
			buildActionMask = 2147483647;
			files = (
				6371DAC8242F633000145DAB /* Cart.swift in Sources */,
				6371DAC6242F603600145DAB /* Book.swift in Sources */,
				63CB4A1F242F5A40007015E0 /* MainViewController.swift in Sources */,
				6371DACC242F6BC400145DAB /* BooksService.swift in Sources */,
				63F6283A242F7A4C00270C7B /* BookTableViewCell.swift in Sources */,
				6371DACA242F677E00145DAB /* CartService.swift in Sources */,
				63CB4A1B242F5A40007015E0 /* AppDelegate.swift in Sources */,
				63104A78242FCA7700E61A2A /* CartViewController.swift in Sources */,
				63948C55242FAE3800164C86 /* AppServices.swift in Sources */,
				63CB4A1D242F5A40007015E0 /* SceneDelegate.swift in Sources */,
				63F62835242F773C00270C7B /* MainViewController+UITableView.swift in Sources */,
			);
			runOnlyForDeploymentPostprocessing = 0;
		};
/* End PBXSourcesBuildPhase section */

/* Begin PBXVariantGroup section */
		63CB4A20242F5A40007015E0 /* Main.storyboard */ = {
			isa = PBXVariantGroup;
			children = (
				63CB4A21242F5A40007015E0 /* Base */,
			);
			name = Main.storyboard;
			sourceTree = "<group>";
		};
		63CB4A25242F5A42007015E0 /* LaunchScreen.storyboard */ = {
			isa = PBXVariantGroup;
			children = (
				63CB4A26242F5A42007015E0 /* Base */,
			);
			name = LaunchScreen.storyboard;
			sourceTree = "<group>";
		};
/* End PBXVariantGroup section */

/* Begin XCBuildConfiguration section */
		63CB4A29242F5A42007015E0 /* Debug */ = {
			isa = XCBuildConfiguration;
			buildSettings = {
				ALWAYS_SEARCH_USER_PATHS = NO;
				CLANG_ANALYZER_NONNULL = YES;
				CLANG_ANALYZER_NUMBER_OBJECT_CONVERSION = YES_AGGRESSIVE;
				CLANG_CXX_LANGUAGE_STANDARD = "gnu++14";
				CLANG_CXX_LIBRARY = "libc++";
				CLANG_ENABLE_MODULES = YES;
				CLANG_ENABLE_OBJC_ARC = YES;
				CLANG_ENABLE_OBJC_WEAK = YES;
				CLANG_WARN_BLOCK_CAPTURE_AUTORELEASING = YES;
				CLANG_WARN_BOOL_CONVERSION = YES;
				CLANG_WARN_COMMA = YES;
				CLANG_WARN_CONSTANT_CONVERSION = YES;
				CLANG_WARN_DEPRECATED_OBJC_IMPLEMENTATIONS = YES;
				CLANG_WARN_DIRECT_OBJC_ISA_USAGE = YES_ERROR;
				CLANG_WARN_DOCUMENTATION_COMMENTS = YES;
				CLANG_WARN_EMPTY_BODY = YES;
				CLANG_WARN_ENUM_CONVERSION = YES;
				CLANG_WARN_INFINITE_RECURSION = YES;
				CLANG_WARN_INT_CONVERSION = YES;
				CLANG_WARN_NON_LITERAL_NULL_CONVERSION = YES;
				CLANG_WARN_OBJC_IMPLICIT_RETAIN_SELF = YES;
				CLANG_WARN_OBJC_LITERAL_CONVERSION = YES;
				CLANG_WARN_OBJC_ROOT_CLASS = YES_ERROR;
				CLANG_WARN_RANGE_LOOP_ANALYSIS = YES;
				CLANG_WARN_STRICT_PROTOTYPES = YES;
				CLANG_WARN_SUSPICIOUS_MOVE = YES;
				CLANG_WARN_UNGUARDED_AVAILABILITY = YES_AGGRESSIVE;
				CLANG_WARN_UNREACHABLE_CODE = YES;
				CLANG_WARN__DUPLICATE_METHOD_MATCH = YES;
				COPY_PHASE_STRIP = NO;
				DEBUG_INFORMATION_FORMAT = dwarf;
				ENABLE_STRICT_OBJC_MSGSEND = YES;
				ENABLE_TESTABILITY = YES;
				GCC_C_LANGUAGE_STANDARD = gnu11;
				GCC_DYNAMIC_NO_PIC = NO;
				GCC_NO_COMMON_BLOCKS = YES;
				GCC_OPTIMIZATION_LEVEL = 0;
				GCC_PREPROCESSOR_DEFINITIONS = (
					"DEBUG=1",
					"$(inherited)",
				);
				GCC_WARN_64_TO_32_BIT_CONVERSION = YES;
				GCC_WARN_ABOUT_RETURN_TYPE = YES_ERROR;
				GCC_WARN_UNDECLARED_SELECTOR = YES;
				GCC_WARN_UNINITIALIZED_AUTOS = YES_AGGRESSIVE;
				GCC_WARN_UNUSED_FUNCTION = YES;
				GCC_WARN_UNUSED_VARIABLE = YES;
				IPHONEOS_DEPLOYMENT_TARGET = 13.4;
				MTL_ENABLE_DEBUG_INFO = INCLUDE_SOURCE;
				MTL_FAST_MATH = YES;
				ONLY_ACTIVE_ARCH = YES;
				SDKROOT = iphoneos;
				SWIFT_ACTIVE_COMPILATION_CONDITIONS = DEBUG;
				SWIFT_OPTIMIZATION_LEVEL = "-Onone";
			};
			name = Debug;
		};
		63CB4A2A242F5A42007015E0 /* Release */ = {
			isa = XCBuildConfiguration;
			buildSettings = {
				ALWAYS_SEARCH_USER_PATHS = NO;
				CLANG_ANALYZER_NONNULL = YES;
				CLANG_ANALYZER_NUMBER_OBJECT_CONVERSION = YES_AGGRESSIVE;
				CLANG_CXX_LANGUAGE_STANDARD = "gnu++14";
				CLANG_CXX_LIBRARY = "libc++";
				CLANG_ENABLE_MODULES = YES;
				CLANG_ENABLE_OBJC_ARC = YES;
				CLANG_ENABLE_OBJC_WEAK = YES;
				CLANG_WARN_BLOCK_CAPTURE_AUTORELEASING = YES;
				CLANG_WARN_BOOL_CONVERSION = YES;
				CLANG_WARN_COMMA = YES;
				CLANG_WARN_CONSTANT_CONVERSION = YES;
				CLANG_WARN_DEPRECATED_OBJC_IMPLEMENTATIONS = YES;
				CLANG_WARN_DIRECT_OBJC_ISA_USAGE = YES_ERROR;
				CLANG_WARN_DOCUMENTATION_COMMENTS = YES;
				CLANG_WARN_EMPTY_BODY = YES;
				CLANG_WARN_ENUM_CONVERSION = YES;
				CLANG_WARN_INFINITE_RECURSION = YES;
				CLANG_WARN_INT_CONVERSION = YES;
				CLANG_WARN_NON_LITERAL_NULL_CONVERSION = YES;
				CLANG_WARN_OBJC_IMPLICIT_RETAIN_SELF = YES;
				CLANG_WARN_OBJC_LITERAL_CONVERSION = YES;
				CLANG_WARN_OBJC_ROOT_CLASS = YES_ERROR;
				CLANG_WARN_RANGE_LOOP_ANALYSIS = YES;
				CLANG_WARN_STRICT_PROTOTYPES = YES;
				CLANG_WARN_SUSPICIOUS_MOVE = YES;
				CLANG_WARN_UNGUARDED_AVAILABILITY = YES_AGGRESSIVE;
				CLANG_WARN_UNREACHABLE_CODE = YES;
				CLANG_WARN__DUPLICATE_METHOD_MATCH = YES;
				COPY_PHASE_STRIP = NO;
				DEBUG_INFORMATION_FORMAT = "dwarf-with-dsym";
				ENABLE_NS_ASSERTIONS = NO;
				ENABLE_STRICT_OBJC_MSGSEND = YES;
				GCC_C_LANGUAGE_STANDARD = gnu11;
				GCC_NO_COMMON_BLOCKS = YES;
				GCC_WARN_64_TO_32_BIT_CONVERSION = YES;
				GCC_WARN_ABOUT_RETURN_TYPE = YES_ERROR;
				GCC_WARN_UNDECLARED_SELECTOR = YES;
				GCC_WARN_UNINITIALIZED_AUTOS = YES_AGGRESSIVE;
				GCC_WARN_UNUSED_FUNCTION = YES;
				GCC_WARN_UNUSED_VARIABLE = YES;
				IPHONEOS_DEPLOYMENT_TARGET = 13.4;
				MTL_ENABLE_DEBUG_INFO = NO;
				MTL_FAST_MATH = YES;
				SDKROOT = iphoneos;
				SWIFT_COMPILATION_MODE = wholemodule;
				SWIFT_OPTIMIZATION_LEVEL = "-O";
				VALIDATE_PRODUCT = YES;
			};
			name = Release;
		};
		63CB4A2C242F5A42007015E0 /* Debug */ = {
			isa = XCBuildConfiguration;
			baseConfigurationReference = 9E7712ABB38EC1D7BB257AF3 /* Pods-Hawry Powter Library.debug.xcconfig */;
			buildSettings = {
				ASSETCATALOG_COMPILER_APPICON_NAME = AppIcon;
				CODE_SIGN_STYLE = Automatic;
				DEVELOPMENT_TEAM = S7P43UR5T5;
				INFOPLIST_FILE = "Hawry Powter Library/Info.plist";
				LD_RUNPATH_SEARCH_PATHS = (
					"$(inherited)",
					"@executable_path/Frameworks",
				);
				PRODUCT_BUNDLE_IDENTIFIER = "medder.Hawry-Powter-Library";
				PRODUCT_NAME = "$(TARGET_NAME)";
				SWIFT_VERSION = 5.0;
				TARGETED_DEVICE_FAMILY = "1,2";
			};
			name = Debug;
		};
		63CB4A2D242F5A42007015E0 /* Release */ = {
			isa = XCBuildConfiguration;
			baseConfigurationReference = 64F24649A01C1551D638B939 /* Pods-Hawry Powter Library.release.xcconfig */;
			buildSettings = {
				ASSETCATALOG_COMPILER_APPICON_NAME = AppIcon;
				CODE_SIGN_STYLE = Automatic;
				DEVELOPMENT_TEAM = S7P43UR5T5;
				INFOPLIST_FILE = "Hawry Powter Library/Info.plist";
				LD_RUNPATH_SEARCH_PATHS = (
					"$(inherited)",
					"@executable_path/Frameworks",
				);
				PRODUCT_BUNDLE_IDENTIFIER = "medder.Hawry-Powter-Library";
				PRODUCT_NAME = "$(TARGET_NAME)";
				SWIFT_VERSION = 5.0;
				TARGETED_DEVICE_FAMILY = "1,2";
			};
			name = Release;
		};
/* End XCBuildConfiguration section */

/* Begin XCConfigurationList section */
		63CB4A12242F5A40007015E0 /* Build configuration list for PBXProject "Hawry Powter Library" */ = {
			isa = XCConfigurationList;
			buildConfigurations = (
				63CB4A29242F5A42007015E0 /* Debug */,
				63CB4A2A242F5A42007015E0 /* Release */,
			);
			defaultConfigurationIsVisible = 0;
			defaultConfigurationName = Release;
		};
		63CB4A2B242F5A42007015E0 /* Build configuration list for PBXNativeTarget "Hawry Powter Library" */ = {
			isa = XCConfigurationList;
			buildConfigurations = (
				63CB4A2C242F5A42007015E0 /* Debug */,
				63CB4A2D242F5A42007015E0 /* Release */,
			);
			defaultConfigurationIsVisible = 0;
			defaultConfigurationName = Release;
		};
/* End XCConfigurationList section */
	};
	rootObject = 63CB4A0F242F5A40007015E0 /* Project object */;
}
