// !$*UTF8*$!
{
	archiveVersion = 1;
	classes = {
	};
	objectVersion = 50;
	objects = {

/* Begin PBXBuildFile section */
		63CB4A1B242F5A40007015E0 /* AppDelegate.swift in Sources */ = {isa = PBXBuildFile; fileRef = 63CB4A1A242F5A40007015E0 /* AppDelegate.swift */; };
		63CB4A1D242F5A40007015E0 /* SceneDelegate.swift in Sources */ = {isa = PBXBuildFile; fileRef = 63CB4A1C242F5A40007015E0 /* SceneDelegate.swift */; };
		63CB4A1F242F5A40007015E0 /* ViewController.swift in Sources */ = {isa = PBXBuildFile; fileRef = 63CB4A1E242F5A40007015E0 /* ViewController.swift */; };
		63CB4A22242F5A40007015E0 /* Main.storyboard in Resources */ = {isa = PBXBuildFile; fileRef = 63CB4A20242F5A40007015E0 /* Main.storyboard */; };
		63CB4A24242F5A42007015E0 /* Assets.xcassets in Resources */ = {isa = PBXBuildFile; fileRef = 63CB4A23242F5A42007015E0 /* Assets.xcassets */; };
		63CB4A27242F5A42007015E0 /* LaunchScreen.storyboard in Resources */ = {isa = PBXBuildFile; fileRef = 63CB4A25242F5A42007015E0 /* LaunchScreen.storyboard */; };
/* End PBXBuildFile section */

/* Begin PBXFileReference section */
		63CB4A17242F5A40007015E0 /* Hawry Powter Library.app */ = {isa = PBXFileReference; explicitFileType = wrapper.application; includeInIndex = 0; path = "Hawry Powter Library.app"; sourceTree = BUILT_PRODUCTS_DIR; };
		63CB4A1A242F5A40007015E0 /* AppDelegate.swift */ = {isa = PBXFileReference; lastKnownFileType = sourcecode.swift; path = AppDelegate.swift; sourceTree = "<group>"; };
		63CB4A1C242F5A40007015E0 /* SceneDelegate.swift */ = {isa = PBXFileReference; lastKnownFileType = sourcecode.swift; path = SceneDelegate.swift; sourceTree = "<group>"; };
		63CB4A1E242F5A40007015E0 /* ViewController.swift */ = {isa = PBXFileReference; lastKnownFileType = sourcecode.swift; path = ViewController.swift; sourceTree = "<group>"; };
		63CB4A21242F5A40007015E0 /* Base */ = {isa = PBXFileReference; lastKnownFileType = file.storyboard; name = Base; path = Base.lproj/Main.storyboard; sourceTree = "<group>"; };
		63CB4A23242F5A42007015E0 /* Assets.xcassets */ = {isa = PBXFileReference; lastKnownFileType = folder.assetcatalog; path = Assets.xcassets; sourceTree = "<group>"; };
		63CB4A26242F5A42007015E0 /* Base */ = {isa = PBXFileReference; lastKnownFileType = file.storyboard; name = Base; path = Base.lproj/LaunchScreen.storyboard; sourceTree = "<group>"; };
		63CB4A28242F5A42007015E0 /* Info.plist */ = {isa = PBXFileReference; lastKnownFileType = text.plist.xml; path = Info.plist; sourceTree = "<group>"; };
/* End PBXFileReference section */

/* Begin PBXFrameworksBuildPhase section */
		63CB4A14242F5A40007015E0 /* Frameworks */ = {
			isa = PBXFrameworksBuildPhase;
			buildActionMask = 2147483647;
			files = (
			);
			runOnlyForDeploymentPostprocessing = 0;
		};
/* End PBXFrameworksBuildPhase section */

/* Begin PBXGroup section */
		63CB4A0E242F5A40007015E0 = {
			isa = PBXGroup;
			children = (
				63CB4A19242F5A40007015E0 /* Hawry Powter Library */,
				63CB4A18242F5A40007015E0 /* Products */,
			);
			sourceTree = "<group>";
		};
		63CB4A18242F5A40007015E0 /* Products */ = {
			isa = PBXGroup;
			children = (
				63CB4A17242F5A40007015E0 /* Hawry Powter Library.app */,
			);
			name = Products;
			sourceTree = "<group>";
		};
		63CB4A19242F5A40007015E0 /* Hawry Powter Library */ = {
			isa = PBXGroup;
			children = (
				63CB4A1A242F5A40007015E0 /* AppDelegate.swift */,
				63CB4A1C242F5A40007015E0 /* SceneDelegate.swift */,
				63CB4A1E242F5A40007015E0 /* ViewController.swift */,
				63CB4A20242F5A40007015E0 /* Main.storyboard */,
				63CB4A23242F5A42007015E0 /* Assets.xcassets */,
				63CB4A25242F5A42007015E0 /* LaunchScreen.storyboard */,
				63CB4A28242F5A42007015E0 /* Info.plist */,
			);
			path = "Hawry Powter Library";
			sourceTree = "<group>";
		};
/* End PBXGroup section */

/* Begin PBXNativeTarget section */
		63CB4A16242F5A40007015E0 /* Hawry Powter Library */ = {
			isa = PBXNativeTarget;
			buildConfigurationList = 63CB4A2B242F5A42007015E0 /* Build configuration list for PBXNativeTarget "Hawry Powter Library" */;
			buildPhases = (
				63CB4A13242F5A40007015E0 /* Sources */,
				63CB4A14242F5A40007015E0 /* Frameworks */,
				63CB4A15242F5A40007015E0 /* Resources */,
			);
			buildRules = (
			);
			dependencies = (
			);
			name = "Hawry Powter Library";
			productName = "Hawry Powter Library";
			productReference = 63CB4A17242F5A40007015E0 /* Hawry Powter Library.app */;
			productType = "com.apple.product-type.application";
		};
/* End PBXNativeTarget section */

/* Begin PBXProject section */
		63CB4A0F242F5A40007015E0 /* Project object */ = {
			isa = PBXProject;
			attributes = {
				LastSwiftUpdateCheck = 1140;
				LastUpgradeCheck = 1140;
				ORGANIZATIONNAME = "Mohamed Derkaoui";
				TargetAttributes = {
					63CB4A16242F5A40007015E0 = {
						CreatedOnToolsVersion = 11.4;
					};
				};
			};
			buildConfigurationList = 63CB4A12242F5A40007015E0 /* Build configuration list for PBXProject "Hawry Powter Library" */;
			compatibilityVersion = "Xcode 9.3";
			developmentRegion = en;
			hasScannedForEncodings = 0;
			knownRegions = (
				en,
				Base,
			);
			mainGroup = 63CB4A0E242F5A40007015E0;
			productRefGroup = 63CB4A18242F5A40007015E0 /* Products */;
			projectDirPath = "";
			projectRoot = "";
			targets = (
				63CB4A16242F5A40007015E0 /* Hawry Powter Library */,
			);
		};
/* End PBXProject section */

/* Begin PBXResourcesBuildPhase section */
		63CB4A15242F5A40007015E0 /* Resources */ = {
			isa = PBXResourcesBuildPhase;
			buildActionMask = 2147483647;
			files = (
				63CB4A27242F5A42007015E0 /* LaunchScreen.storyboard in Resources */,
				63CB4A24242F5A42007015E0 /* Assets.xcassets in Resources */,
				63CB4A22242F5A40007015E0 /* Main.storyboard in Resources */,
			);
			runOnlyForDeploymentPostprocessing = 0;
		};
/* End PBXResourcesBuildPhase section */

/* Begin PBXSourcesBuildPhase section */
		63CB4A13242F5A40007015E0 /* Sources */ = {
			isa = PBXSourcesBuildPhase;
			buildActionMask = 2147483647;
			files = (
				63CB4A1F242F5A40007015E0 /* ViewController.swift in Sources */,
				63CB4A1B242F5A40007015E0 /* AppDelegate.swift in Sources */,
				63CB4A1D242F5A40007015E0 /* SceneDelegate.swift in Sources */,
			);
			runOnlyForDeploymentPostprocessing = 0;
		};
/* End PBXSourcesBuildPhase section */

/* Begin PBXVariantGroup section */
		63CB4A20242F5A40007015E0 /* Main.storyboard */ = {
			isa = PBXVariantGroup;
			children = (
				63CB4A21242F5A40007015E0 /* Base */,
			);
			name = Main.storyboard;
			sourceTree = "<group>";
		};
		63CB4A25242F5A42007015E0 /* LaunchScreen.storyboard */ = {
			isa = PBXVariantGroup;
			children = (
				63CB4A26242F5A42007015E0 /* Base */,
			);
			name = LaunchScreen.storyboard;
			sourceTree = "<group>";
		};
/* End PBXVariantGroup section */

/* Begin XCBuildConfiguration section */
		63CB4A29242F5A42007015E0 /* Debug */ = {
			isa = XCBuildConfiguration;
			buildSettings = {
				ALWAYS_SEARCH_USER_PATHS = NO;
				CLANG_ANALYZER_NONNULL = YES;
				CLANG_ANALYZER_NUMBER_OBJECT_CONVERSION = YES_AGGRESSIVE;
				CLANG_CXX_LANGUAGE_STANDARD = "gnu++14";
				CLANG_CXX_LIBRARY = "libc++";
				CLANG_ENABLE_MODULES = YES;
				CLANG_ENABLE_OBJC_ARC = YES;
				CLANG_ENABLE_OBJC_WEAK = YES;
				CLANG_WARN_BLOCK_CAPTURE_AUTORELEASING = YES;
				CLANG_WARN_BOOL_CONVERSION = YES;
				CLANG_WARN_COMMA = YES;
				CLANG_WARN_CONSTANT_CONVERSION = YES;
				CLANG_WARN_DEPRECATED_OBJC_IMPLEMENTATIONS = YES;
				CLANG_WARN_DIRECT_OBJC_ISA_USAGE = YES_ERROR;
				CLANG_WARN_DOCUMENTATION_COMMENTS = YES;
				CLANG_WARN_EMPTY_BODY = YES;
				CLANG_WARN_ENUM_CONVERSION = YES;
				CLANG_WARN_INFINITE_RECURSION = YES;
				CLANG_WARN_INT_CONVERSION = YES;
				CLANG_WARN_NON_LITERAL_NULL_CONVERSION = YES;
				CLANG_WARN_OBJC_IMPLICIT_RETAIN_SELF = YES;
				CLANG_WARN_OBJC_LITERAL_CONVERSION = YES;
				CLANG_WARN_OBJC_ROOT_CLASS = YES_ERROR;
				CLANG_WARN_RANGE_LOOP_ANALYSIS = YES;
				CLANG_WARN_STRICT_PROTOTYPES = YES;
				CLANG_WARN_SUSPICIOUS_MOVE = YES;
				CLANG_WARN_UNGUARDED_AVAILABILITY = YES_AGGRESSIVE;
				CLANG_WARN_UNREACHABLE_CODE = YES;
				CLANG_WARN__DUPLICATE_METHOD_MATCH = YES;
				COPY_PHASE_STRIP = NO;
				DEBUG_INFORMATION_FORMAT = dwarf;
				ENABLE_STRICT_OBJC_MSGSEND = YES;
				ENABLE_TESTABILITY = YES;
				GCC_C_LANGUAGE_STANDARD = gnu11;
				GCC_DYNAMIC_NO_PIC = NO;
				GCC_NO_COMMON_BLOCKS = YES;
				GCC_OPTIMIZATION_LEVEL = 0;
				GCC_PREPROCESSOR_DEFINITIONS = (
					"DEBUG=1",
					"$(inherited)",
				);
				GCC_WARN_64_TO_32_BIT_CONVERSION = YES;
				GCC_WARN_ABOUT_RETURN_TYPE = YES_ERROR;
				GCC_WARN_UNDECLARED_SELECTOR = YES;
				GCC_WARN_UNINITIALIZED_AUTOS = YES_AGGRESSIVE;
				GCC_WARN_UNUSED_FUNCTION = YES;
				GCC_WARN_UNUSED_VARIABLE = YES;
				IPHONEOS_DEPLOYMENT_TARGET = 13.4;
				MTL_ENABLE_DEBUG_INFO = INCLUDE_SOURCE;
				MTL_FAST_MATH = YES;
				ONLY_ACTIVE_ARCH = YES;
				SDKROOT = iphoneos;
				SWIFT_ACTIVE_COMPILATION_CONDITIONS = DEBUG;
				SWIFT_OPTIMIZATION_LEVEL = "-Onone";
			};
			name = Debug;
		};
		63CB4A2A242F5A42007015E0 /* Release */ = {
			isa = XCBuildConfiguration;
			buildSettings = {
				ALWAYS_SEARCH_USER_PATHS = NO;
				CLANG_ANALYZER_NONNULL = YES;
				CLANG_ANALYZER_NUMBER_OBJECT_CONVERSION = YES_AGGRESSIVE;
				CLANG_CXX_LANGUAGE_STANDARD = "gnu++14";
				CLANG_CXX_LIBRARY = "libc++";
				CLANG_ENABLE_MODULES = YES;
				CLANG_ENABLE_OBJC_ARC = YES;
				CLANG_ENABLE_OBJC_WEAK = YES;
				CLANG_WARN_BLOCK_CAPTURE_AUTORELEASING = YES;
				CLANG_WARN_BOOL_CONVERSION = YES;
				CLANG_WARN_COMMA = YES;
				CLANG_WARN_CONSTANT_CONVERSION = YES;
				CLANG_WARN_DEPRECATED_OBJC_IMPLEMENTATIONS = YES;
				CLANG_WARN_DIRECT_OBJC_ISA_USAGE = YES_ERROR;
				CLANG_WARN_DOCUMENTATION_COMMENTS = YES;
				CLANG_WARN_EMPTY_BODY = YES;
				CLANG_WARN_ENUM_CONVERSION = YES;
				CLANG_WARN_INFINITE_RECURSION = YES;
				CLANG_WARN_INT_CONVERSION = YES;
				CLANG_WARN_NON_LITERAL_NULL_CONVERSION = YES;
				CLANG_WARN_OBJC_IMPLICIT_RETAIN_SELF = YES;
				CLANG_WARN_OBJC_LITERAL_CONVERSION = YES;
				CLANG_WARN_OBJC_ROOT_CLASS = YES_ERROR;
				CLANG_WARN_RANGE_LOOP_ANALYSIS = YES;
				CLANG_WARN_STRICT_PROTOTYPES = YES;
				CLANG_WARN_SUSPICIOUS_MOVE = YES;
				CLANG_WARN_UNGUARDED_AVAILABILITY = YES_AGGRESSIVE;
				CLANG_WARN_UNREACHABLE_CODE = YES;
				CLANG_WARN__DUPLICATE_METHOD_MATCH = YES;
				COPY_PHASE_STRIP = NO;
				DEBUG_INFORMATION_FORMAT = "dwarf-with-dsym";
				ENABLE_NS_ASSERTIONS = NO;
				ENABLE_STRICT_OBJC_MSGSEND = YES;
				GCC_C_LANGUAGE_STANDARD = gnu11;
				GCC_NO_COMMON_BLOCKS = YES;
				GCC_WARN_64_TO_32_BIT_CONVERSION = YES;
				GCC_WARN_ABOUT_RETURN_TYPE = YES_ERROR;
				GCC_WARN_UNDECLARED_SELECTOR = YES;
				GCC_WARN_UNINITIALIZED_AUTOS = YES_AGGRESSIVE;
				GCC_WARN_UNUSED_FUNCTION = YES;
				GCC_WARN_UNUSED_VARIABLE = YES;
				IPHONEOS_DEPLOYMENT_TARGET = 13.4;
				MTL_ENABLE_DEBUG_INFO = NO;
				MTL_FAST_MATH = YES;
				SDKROOT = iphoneos;
				SWIFT_COMPILATION_MODE = wholemodule;
				SWIFT_OPTIMIZATION_LEVEL = "-O";
				VALIDATE_PRODUCT = YES;
			};
			name = Release;
		};
		63CB4A2C242F5A42007015E0 /* Debug */ = {
			isa = XCBuildConfiguration;
			buildSettings = {
				ASSETCATALOG_COMPILER_APPICON_NAME = AppIcon;
				CODE_SIGN_STYLE = Automatic;
				DEVELOPMENT_TEAM = S7P43UR5T5;
				INFOPLIST_FILE = "Hawry Powter Library/Info.plist";
				LD_RUNPATH_SEARCH_PATHS = (
					"$(inherited)",
					"@executable_path/Frameworks",
				);
				PRODUCT_BUNDLE_IDENTIFIER = "medder.Hawry-Powter-Library";
				PRODUCT_NAME = "$(TARGET_NAME)";
				SWIFT_VERSION = 5.0;
				TARGETED_DEVICE_FAMILY = "1,2";
			};
			name = Debug;
		};
		63CB4A2D242F5A42007015E0 /* Release */ = {
			isa = XCBuildConfiguration;
			buildSettings = {
				ASSETCATALOG_COMPILER_APPICON_NAME = AppIcon;
				CODE_SIGN_STYLE = Automatic;
				DEVELOPMENT_TEAM = S7P43UR5T5;
				INFOPLIST_FILE = "Hawry Powter Library/Info.plist";
				LD_RUNPATH_SEARCH_PATHS = (
					"$(inherited)",
					"@executable_path/Frameworks",
				);
				PRODUCT_BUNDLE_IDENTIFIER = "medder.Hawry-Powter-Library";
				PRODUCT_NAME = "$(TARGET_NAME)";
				SWIFT_VERSION = 5.0;
				TARGETED_DEVICE_FAMILY = "1,2";
			};
			name = Release;
		};
/* End XCBuildConfiguration section */

/* Begin XCConfigurationList section */
		63CB4A12242F5A40007015E0 /* Build configuration list for PBXProject "Hawry Powter Library" */ = {
			isa = XCConfigurationList;
			buildConfigurations = (
				63CB4A29242F5A42007015E0 /* Debug */,
				63CB4A2A242F5A42007015E0 /* Release */,
			);
			defaultConfigurationIsVisible = 0;
			defaultConfigurationName = Release;
		};
		63CB4A2B242F5A42007015E0 /* Build configuration list for PBXNativeTarget "Hawry Powter Library" */ = {
			isa = XCConfigurationList;
			buildConfigurations = (
				63CB4A2C242F5A42007015E0 /* Debug */,
				63CB4A2D242F5A42007015E0 /* Release */,
			);
			defaultConfigurationIsVisible = 0;
			defaultConfigurationName = Release;
		};
/* End XCConfigurationList section */
	};
	rootObject = 63CB4A0F242F5A40007015E0 /* Project object */;
}
